# THIS IS AN AUTOGENERATED FILE. DO NOT EDIT THIS FILE DIRECTLY.
# yarn lockfile v1


"@cspotcode/source-map-support@^0.8.0":
  version "0.8.1"
  resolved "https://registry.npmjs.org/@cspotcode/source-map-support/-/source-map-support-0.8.1.tgz#00629c35a688e05a88b1cda684fb9d5e73f000a1"
  integrity sha512-IchNf6dN4tHoMFIn/7OE8LWZ19Y6q/67Bmf6vnGREv8RSbBVb9LPJxEcnwrcwX6ixSvaiGoomAUvu4YSxXrVgw==
  dependencies:
    "@jridgewell/trace-mapping" "0.3.9"

"@jridgewell/resolve-uri@^3.0.3":
  version "3.1.2"
  resolved "https://registry.npmjs.org/@jridgewell/resolve-uri/-/resolve-uri-3.1.2.tgz#7a0ee601f60f99a20c7c7c5ff0c80388c1189bd6"
  integrity sha512-bRISgCIjP20/tbWSPWMEi54QVPRZExkuD9lJL+UIxUKtwVJA8wW1Trb1jMs1RFXo1CBTNZ/5hpC9QvmKWdopKw==

"@jridgewell/sourcemap-codec@^1.4.10":
  version "1.5.0"
  resolved "https://registry.npmjs.org/@jridgewell/sourcemap-codec/-/sourcemap-codec-1.5.0.tgz#3188bcb273a414b0d215fd22a58540b989b9409a"
  integrity sha512-gv3ZRaISU3fjPAgNsriBRqGWQL6quFx04YMPW/zD8XMLsU32mhCCbfbO6KZFLjvYpCZ8zyDEgqsgf+PwPaM7GQ==

"@jridgewell/trace-mapping@0.3.9":
  version "0.3.9"
  resolved "https://registry.npmjs.org/@jridgewell/trace-mapping/-/trace-mapping-0.3.9.tgz#6534fd5933a53ba7cbf3a17615e273a0d1273ff9"
  integrity sha512-3Belt6tdc8bPgAtbcmdtNJlirVoTmEb5e2gC94PnkwEW9jI6CAHUeoG85tjWP5WquqfavoMtMwiG4P926ZKKuQ==
  dependencies:
    "@jridgewell/resolve-uri" "^3.0.3"
    "@jridgewell/sourcemap-codec" "^1.4.10"

"@ledgerhq/devices@^5.48.0", "@ledgerhq/devices@^5.51.1":
  version "5.51.1"
  resolved "https://registry.npmjs.org/@ledgerhq/devices/-/devices-5.51.1.tgz#d741a4a5d8f17c2f9d282fd27147e6fe1999edb7"
  integrity sha512-4w+P0VkbjzEXC7kv8T1GJ/9AVaP9I6uasMZ/JcdwZBS3qwvKo5A5z9uGhP5c7TvItzcmPb44b5Mw2kT+WjUuAA==
  dependencies:
    "@ledgerhq/errors" "^5.50.0"
    "@ledgerhq/logs" "^5.50.0"
    rxjs "6"
    semver "^7.3.5"

"@ledgerhq/errors@^5.48.0", "@ledgerhq/errors@^5.50.0":
  version "5.50.0"
  resolved "https://registry.npmjs.org/@ledgerhq/errors/-/errors-5.50.0.tgz#e3a6834cb8c19346efca214c1af84ed28e69dad9"
  integrity sha512-gu6aJ/BHuRlpU7kgVpy2vcYk6atjB4iauP2ymF7Gk0ez0Y/6VSMVSJvubeEQN+IV60+OBK0JgeIZG7OiHaw8ow==

"@ledgerhq/hw-transport-web-ble@5.48.0":
  version "5.48.0"
  resolved "https://registry.npmjs.org/@ledgerhq/hw-transport-web-ble/-/hw-transport-web-ble-5.48.0.tgz#41b29293c263d8ed4200037eb6da4db3bd4268a6"
  integrity sha512-ezgssFvxc4/UbfwIxwg9jEn0/yiND8TW6bDkaE3kAqKCa8ZYYgFtms8iRqjTOJlqcbSYkudbNhP74jtY0NxfdA==
  dependencies:
    "@ledgerhq/devices" "^5.48.0"
    "@ledgerhq/errors" "^5.48.0"
    "@ledgerhq/hw-transport" "^5.48.0"
    "@ledgerhq/logs" "^5.48.0"
    rxjs "^6.6.7"

"@ledgerhq/hw-transport-webhid@5.48.0":
  version "5.48.0"
  resolved "https://registry.npmjs.org/@ledgerhq/hw-transport-webhid/-/hw-transport-webhid-5.48.0.tgz#aab2cffac3d5c97b04f093e2a0cbfe311dfdeab4"
  integrity sha512-g6TYxgPX3MqP3jQ4SJaJjlM+2SwUSk4Si/9MeKLwz5ySbiD3bSTh/Gbzv8VBCaHPO4fILujc5vW/xejJuMzR8w==
  dependencies:
    "@ledgerhq/devices" "^5.48.0"
    "@ledgerhq/errors" "^5.48.0"
    "@ledgerhq/hw-transport" "^5.48.0"
    "@ledgerhq/logs" "^5.48.0"

"@ledgerhq/hw-transport-webusb@5.48.0":
  version "5.48.0"
  resolved "https://registry.npmjs.org/@ledgerhq/hw-transport-webusb/-/hw-transport-webusb-5.48.0.tgz#62e5bffffba853d4e06103f7c8e9b6c87ca0f994"
  integrity sha512-tO+p11aRQx9q9ifmi/NCbCBKQ738lp+PROy1BWSzjCJcUEz1sKTLeRTLE2Xze25KebhuM2YR1NgkX5LN1z4upA==
  dependencies:
    "@ledgerhq/devices" "^5.48.0"
    "@ledgerhq/errors" "^5.48.0"
    "@ledgerhq/hw-transport" "^5.48.0"
    "@ledgerhq/logs" "^5.48.0"

"@ledgerhq/hw-transport@^5.48.0":
  version "5.51.1"
  resolved "https://registry.npmjs.org/@ledgerhq/hw-transport/-/hw-transport-5.51.1.tgz#8dd14a8e58cbee4df0c29eaeef983a79f5f22578"
  integrity sha512-6wDYdbWrw9VwHIcoDnqWBaDFyviyjZWv6H9vz9Vyhe4Qd7TIFmbTl/eWs6hZvtZBza9K8y7zD8ChHwRI4s9tSw==
  dependencies:
    "@ledgerhq/devices" "^5.51.1"
    "@ledgerhq/errors" "^5.50.0"
    events "^3.3.0"

"@ledgerhq/logs@^5.48.0", "@ledgerhq/logs@^5.50.0":
  version "5.50.0"
  resolved "https://registry.npmjs.org/@ledgerhq/logs/-/logs-5.50.0.tgz#29c6419e8379d496ab6d0426eadf3c4d100cd186"
  integrity sha512-swKHYCOZUGyVt4ge0u8a7AwNcA//h4nx5wIi0sruGye1IJ5Cva0GyK9L2/WdX+kWVTKp92ZiEo1df31lrWGPgA==

"@nodelib/fs.scandir@2.1.5":
  version "2.1.5"
  resolved "https://registry.npmjs.org/@nodelib/fs.scandir/-/fs.scandir-2.1.5.tgz#7619c2eb21b25483f6d167548b4cfd5a7488c3d5"
  integrity sha512-vq24Bq3ym5HEQm2NKCr3yXDwjc7vTsEThRDnkp2DK9p1uqLR+DHurm/NOTo0KG7HYHU7eppKZj3MyqYuMBf62g==
  dependencies:
    "@nodelib/fs.stat" "2.0.5"
    run-parallel "^1.1.9"

"@nodelib/fs.stat@2.0.5", "@nodelib/fs.stat@^2.0.2":
  version "2.0.5"
  resolved "https://registry.npmjs.org/@nodelib/fs.stat/-/fs.stat-2.0.5.tgz#5bd262af94e9d25bd1e71b05deed44876a222e8b"
  integrity sha512-RkhPPp2zrqDAQA/2jNhnztcPAlv64XdhIp7a7454A5ovI7Bukxgt7MX7udwAu3zg1DcpPU0rz3VV1SeaqvY4+A==

"@nodelib/fs.walk@^1.2.3":
  version "1.2.8"
  resolved "https://registry.npmjs.org/@nodelib/fs.walk/-/fs.walk-1.2.8.tgz#e95737e8bb6746ddedf69c556953494f196fe69a"
  integrity sha512-oGB+UxlgWcgQkgwo8GcEGwemoTFt3FIO9ababBmaGwXIoBKZ+GTy0pP185beGg7Llih/NSHSV2XAs1lnznocSg==
  dependencies:
    "@nodelib/fs.scandir" "2.1.5"
    fastq "^1.6.0"

"@peculiar/asn1-schema@^2.3.13", "@peculiar/asn1-schema@^2.3.8":
  version "2.3.13"
  resolved "https://registry.npmjs.org/@peculiar/asn1-schema/-/asn1-schema-2.3.13.tgz#ec8509cdcbc0da3abe73fd7e690556b57a61b8f4"
  integrity sha512-3Xq3a01WkHRZL8X04Zsfg//mGaA21xlL4tlVn4v2xGT0JStiztATRkMwa5b+f/HXmY2smsiLXYK46Gwgzvfg3g==
  dependencies:
    asn1js "^3.0.5"
    pvtsutils "^1.3.5"
    tslib "^2.6.2"

"@peculiar/json-schema@^1.1.12":
  version "1.1.12"
  resolved "https://registry.npmjs.org/@peculiar/json-schema/-/json-schema-1.1.12.tgz#fe61e85259e3b5ba5ad566cb62ca75b3d3cd5339"
  integrity sha512-coUfuoMeIB7B8/NMekxaDzLhaYmp0HZNPEjYRm9goRou8UZIC3z21s0sL9AWoCw4EG876QyO3kYrc61WNF9B/w==
  dependencies:
    tslib "^2.0.0"

"@peculiar/webcrypto@^1.0.22":
  version "1.5.0"
  resolved "https://registry.npmjs.org/@peculiar/webcrypto/-/webcrypto-1.5.0.tgz#9e57174c02c1291051c553600347e12b81469e10"
  integrity sha512-BRs5XUAwiyCDQMsVA9IDvDa7UBR9gAvPHgugOeGng3YN6vJ9JYonyDc0lNczErgtCWtucjR5N7VtaonboD/ezg==
  dependencies:
    "@peculiar/asn1-schema" "^2.3.8"
    "@peculiar/json-schema" "^1.1.12"
    pvtsutils "^1.3.5"
    tslib "^2.6.2"
    webcrypto-core "^1.8.0"

"@ton/core@^0.59.0":
  version "0.59.0"
  resolved "https://registry.npmjs.org/@ton/core/-/core-0.59.0.tgz#58da9fcaa58e5a0c705b63baf1e86cab6e196689"
  integrity sha512-LSIkGst7BoY7fMWshejzcH0UJnoW21JGlRrW0ch+6A7Xb/7EuekxgdKym7fHxcry6OIf6FoeFg97lJ960N/Ghg==
  dependencies:
    symbol.inspect "1.0.1"

"@ton/crypto-primitives@2.1.0":
  version "2.1.0"
  resolved "https://registry.npmjs.org/@ton/crypto-primitives/-/crypto-primitives-2.1.0.tgz#8c9277c250b59aae3c819e0d6bd61e44d998e9ca"
  integrity sha512-PQesoyPgqyI6vzYtCXw4/ZzevePc4VGcJtFwf08v10OevVJHVfW238KBdpj1kEDQkxWLeuNHEpTECNFKnP6tow==
  dependencies:
    jssha "3.2.0"

"@ton/crypto@^3.2.0":
  version "3.3.0"
  resolved "https://registry.npmjs.org/@ton/crypto/-/crypto-3.3.0.tgz#019103df6540fbc1d8102979b4587bc85ff9779e"
  integrity sha512-/A6CYGgA/H36OZ9BbTaGerKtzWp50rg67ZCH2oIjV1NcrBaCK9Z343M+CxedvM7Haf3f/Ee9EhxyeTp0GKMUpA==
  dependencies:
    "@ton/crypto-primitives" "2.1.0"
    jssha "3.2.0"
    tweetnacl "1.0.3"

"@ton/ton@^15.1.0":
  version "15.1.0"
  resolved "https://registry.npmjs.org/@ton/ton/-/ton-15.1.0.tgz#a760b1492dd3e5896238b7154f7377f4e51fa086"
  integrity sha512-almetcfTu7jLjcNcEEPB7wAc8yl90ES1M//sOr1QE+kv7RbmEvMkaPSc7kFxzs10qrjIPKxlodBJlMSWP5LuVQ==
  dependencies:
    axios "^1.6.7"
    dataloader "^2.0.0"
    symbol.inspect "1.0.1"
    teslabot "^1.3.0"
    zod "^3.21.4"

"@tonx/adapter@^2.0.4":
  version "2.0.5"
  resolved "https://registry.npmjs.org/@tonx/adapter/-/adapter-2.0.5.tgz#1e2df15934076e46f830a8ab44807b4f1ae29469"
  integrity sha512-rlayznpxXb4Nm32losGRlehAicM3Qdy/1tKYcNMfsz88gd8k4XYpDZc9W1ufohWywRo4iyG4gMUTEl+wq1YkGA==
  dependencies:
    "@ton/core" "^0.59.0"
    "@ton/crypto" "^3.2.0"
    "@ton/ton" "^15.1.0"
    axios "^1.7.1"
    tonweb "^0.0.66"
    zod "^3.23.8"

"@tsconfig/node10@^1.0.7":
  version "1.0.11"
  resolved "https://registry.npmjs.org/@tsconfig/node10/-/node10-1.0.11.tgz#6ee46400685f130e278128c7b38b7e031ff5b2f2"
  integrity sha512-DcRjDCujK/kCk/cUe8Xz8ZSpm8mS3mNNpta+jGCA6USEDfktlNvm1+IuZ9eTcDbNk41BHwpHHeW+N1lKCz4zOw==

"@tsconfig/node12@^1.0.7":
  version "1.0.11"
  resolved "https://registry.npmjs.org/@tsconfig/node12/-/node12-1.0.11.tgz#ee3def1f27d9ed66dac6e46a295cffb0152e058d"
  integrity sha512-cqefuRsh12pWyGsIoBKJA9luFu3mRxCA+ORZvA4ktLSzIuCUtWVxGIuXigEwO5/ywWFMZ2QEGKWvkZG1zDMTag==

"@tsconfig/node14@^1.0.0":
  version "1.0.3"
  resolved "https://registry.npmjs.org/@tsconfig/node14/-/node14-1.0.3.tgz#e4386316284f00b98435bf40f72f75a09dabf6c1"
  integrity sha512-ysT8mhdixWK6Hw3i1V2AeRqZ5WfXg1G43mqoYlM2nc6388Fq5jcXyr5mRsqViLx/GJYdoL0bfXD8nmF+Zn/Iow==

"@tsconfig/node16@^1.0.2":
  version "1.0.4"
  resolved "https://registry.npmjs.org/@tsconfig/node16/-/node16-1.0.4.tgz#0b92dcc0cc1c81f6f306a381f28e31b1a56536e9"
  integrity sha512-vxhUy4J8lyeyinH7Azl1pdd43GJhZH/tP2weN8TntQblOY+A0XbT8DJk1/oCPuOOyg/Ja757rG0CgHcWC8OfMA==

"@types/node@^22.10.2":
  version "22.10.2"
  resolved "https://registry.npmjs.org/@types/node/-/node-22.10.2.tgz#a485426e6d1fdafc7b0d4c7b24e2c78182ddabb9"
  integrity sha512-Xxr6BBRCAOQixvonOye19wnzyDiUtTeqldOOmj3CkeblonbccA12PFwlufvRdrpjXxqnmUaeiU5EOA+7s5diUQ==
  dependencies:
    undici-types "~6.20.0"

"@unimodules/core@*":
  version "7.1.2"
  resolved "https://registry.npmjs.org/@unimodules/core/-/core-7.1.2.tgz#5181b99586476a5d87afd0958f26a04714c47fa1"
  integrity sha512-lY+e2TAFuebD3vshHMIRqru3X4+k7Xkba4Wa7QsDBd+ex4c4N2dHAO61E2SrGD9+TRBD8w/o7mzK6ljbqRnbyg==
  dependencies:
    compare-versions "^3.4.0"

"@unimodules/react-native-adapter@*":
  version "6.3.9"
  resolved "https://registry.npmjs.org/@unimodules/react-native-adapter/-/react-native-adapter-6.3.9.tgz#2f4bef6b7532dce5bf9f236e69f96403d0243c30"
  integrity sha512-i9/9Si4AQ8awls+YGAKkByFbeAsOPgUNeLoYeh2SQ3ddjxJ5ZJDtq/I74clDnpDcn8zS9pYlcDJ9fgVJa39Glw==
  dependencies:
    expo-modules-autolinking "^0.0.3"
    invariant "^2.2.4"

acorn-walk@^8.1.1:
  version "8.3.4"
  resolved "https://registry.npmjs.org/acorn-walk/-/acorn-walk-8.3.4.tgz#794dd169c3977edf4ba4ea47583587c5866236b7"
  integrity sha512-ueEepnujpqee2o5aIYnvHU6C0A42MNdsIDeqy5BydrkuC5R1ZuUFnm27EeFJGoEHJQgn3uleRvmTXaJgfXbt4g==
  dependencies:
    acorn "^8.11.0"

acorn@^8.11.0, acorn@^8.4.1:
  version "8.14.0"
  resolved "https://registry.npmjs.org/acorn/-/acorn-8.14.0.tgz#063e2c70cac5fb4f6467f0b11152e04c682795b0"
  integrity sha512-cl669nCJTZBsL97OF4kUQm5g5hC2uihk0NxY3WENAC0TYdILVkAyHymAntgxGkl7K+t0cXIrH5siy5S4XkFycA==

ansi-styles@^4.1.0:
  version "4.3.0"
  resolved "https://registry.npmjs.org/ansi-styles/-/ansi-styles-4.3.0.tgz#edd803628ae71c04c85ae7a0906edad34b648937"
  integrity sha512-zbB9rCJAT1rbjiVDb2hqKFHNYLxgtk8NURxZ3IZwD3F6NtxbXZQCnnSi1Lkx+IDohdPlFp222wVALIheZJQSEg==
  dependencies:
    color-convert "^2.0.1"

arg@^4.1.0:
  version "4.1.3"
  resolved "https://registry.npmjs.org/arg/-/arg-4.1.3.tgz#269fc7ad5b8e42cb63c896d5666017261c144089"
  integrity sha512-58S9QDqG0Xx27YwPSt9fJxivjYl432YCwfDMfZ+71RAqUrZef7LrKQZ3LHLOwCS4FLNBplP533Zx895SeOCHvA==

asmcrypto.js@^0.22.0:
  version "0.22.0"
  resolved "https://registry.npmjs.org/asmcrypto.js/-/asmcrypto.js-0.22.0.tgz#38fc1440884d802c7bd37d1d23c2b26a5cd5d2d2"
  integrity sha512-usgMoyXjMbx/ZPdzTSXExhMPur2FTdz/Vo5PVx2gIaBcdAAJNOFlsdgqveM8Cff7W0v+xrf9BwjOV26JSAF9qA==

asn1js@^3.0.5:
  version "3.0.5"
  resolved "https://registry.npmjs.org/asn1js/-/asn1js-3.0.5.tgz#5ea36820443dbefb51cc7f88a2ebb5b462114f38"
  integrity sha512-FVnvrKJwpt9LP2lAMl8qZswRNm3T4q9CON+bxldk2iwk3FFpuwhx2FfinyitizWHsVYyaY+y5JzDR0rCMV5yTQ==
  dependencies:
    pvtsutils "^1.3.2"
    pvutils "^1.1.3"
    tslib "^2.4.0"

asynckit@^0.4.0:
  version "0.4.0"
  resolved "https://registry.npmjs.org/asynckit/-/asynckit-0.4.0.tgz#c79ed97f7f34cb8f2ba1bc9790bcc366474b4b79"
  integrity sha512-Oei9OH4tRh0YqU3GxhX79dM/mwVgvbZJaSNaRk+bshkj0S5cfHcgYakreBjrHwatXKbz+IoIdYLxrKim2MjW0Q==

at-least-node@^1.0.0:
  version "1.0.0"
  resolved "https://registry.npmjs.org/at-least-node/-/at-least-node-1.0.0.tgz#602cd4b46e844ad4effc92a8011a3c46e0238dc2"
  integrity sha512-+q/t7Ekv1EDY2l6Gda6LLiX14rU9TV20Wa3ofeQmwPFZbOMo9DXrLbOjFaaclkXKWidIaopwAObQDqwWtGUjqg==

axios@^1.6.7, axios@^1.7.1:
  version "1.7.9"
  resolved "https://registry.npmjs.org/axios/-/axios-1.7.9.tgz#d7d071380c132a24accda1b2cfc1535b79ec650a"
  integrity sha512-LhLcE7Hbiryz8oMDdDptSrWowmB4Bl6RCt6sIJKpRB4XtVf0iEgewX3au/pJqm+Py1kCASkb/FFKjxQaLtxJvw==
  dependencies:
    follow-redirects "^1.15.6"
    form-data "^4.0.0"
    proxy-from-env "^1.1.0"

b64-lite@^1.3.1, b64-lite@^1.4.0:
  version "1.4.0"
  resolved "https://registry.npmjs.org/b64-lite/-/b64-lite-1.4.0.tgz#e62442de11f1f21c60e38b74f111ac0242283d3d"
  integrity sha512-aHe97M7DXt+dkpa8fHlCcm1CnskAHrJqEfMI0KN7dwqlzml/aUe1AGt6lk51HzrSfVD67xOso84sOpr+0wIe2w==
  dependencies:
    base-64 "^0.1.0"

b64u-lite@^1.0.1:
  version "1.1.0"
  resolved "https://registry.npmjs.org/b64u-lite/-/b64u-lite-1.1.0.tgz#a581b7df94cbd4bed7cbb19feae816654f0b1bf0"
  integrity sha512-929qWGDVCRph7gQVTC6koHqQIpF4vtVaSbwLltFQo44B1bYUquALswZdBKFfrJCPEnsCOvWkJsPdQYZ/Ukhw8A==
  dependencies:
    b64-lite "^1.4.0"

base-64@^0.1.0:
  version "0.1.0"
  resolved "https://registry.npmjs.org/base-64/-/base-64-0.1.0.tgz#780a99c84e7d600260361511c4877613bf24f6bb"
  integrity sha512-Y5gU45svrR5tI2Vt/X9GPd3L0HNIKzGu202EjxrXMpuc2V2CiKgemAbUUsqYmZJvPtCXoUKjNZwBJzsNScUbXA==

base64-js@*, base64-js@^1.3.0:
  version "1.5.1"
  resolved "https://registry.npmjs.org/base64-js/-/base64-js-1.5.1.tgz#1b1b440160a5bf7ad40b650f095963481903930a"
  integrity sha512-AKpaYlHn8t4SVbOHCy+b5+KKgvR4vrsD8vbvrbiQJps7fKDTkjkDry6ji0rUJjC0kzbNePLwzxq8iypo41qeWA==

bn.js@4.11.6:
  version "4.11.6"
  resolved "https://registry.npmjs.org/bn.js/-/bn.js-4.11.6.tgz#53344adb14617a13f6e8dd2ce28905d1c0ba3215"
  integrity sha512-XWwnNNFCuuSQ0m3r3C4LE3EiORltHd9M05pq6FOlVeiophzRbMo50Sbz1ehl8K3Z+jw9+vmgnXefY1hz8X+2wA==

bn.js@5.1.1:
  version "5.1.1"
  resolved "https://registry.npmjs.org/bn.js/-/bn.js-5.1.1.tgz#48efc4031a9c4041b9c99c6941d903463ab62eb5"
  integrity sha512-IUTD/REb78Z2eodka1QZyyEk66pciRcP6Sroka0aI3tG/iwIdYLrBD62RsubR7vqdt3WyX8p4jxeatzmRSphtA==

braces@^3.0.3:
  version "3.0.3"
  resolved "https://registry.npmjs.org/braces/-/braces-3.0.3.tgz#490332f40919452272d55a8480adc0c441358789"
  integrity sha512-yQbXgO/OSZVD2IsiLlro+7Hf6Q18EJrKSEsdoMzKePKXct3gvD8oLcOQdIzGupr5Fj+EDe8gO/lxc1BzfMpxvA==
  dependencies:
    fill-range "^7.1.1"

chalk@^4.1.0:
  version "4.1.2"
  resolved "https://registry.npmjs.org/chalk/-/chalk-4.1.2.tgz#aac4e2b7734a740867aeb16bf02aad556a1e7a01"
  integrity sha512-oKnbhFyRIXpUuez8iBMmyEa4nbj4IOQyuhc/wy9kY7/WVPcwIO9VA668Pu8RkO7+0G76SLROeyw9CpQ061i4mA==
  dependencies:
    ansi-styles "^4.1.0"
    supports-color "^7.1.0"

color-convert@^2.0.1:
  version "2.0.1"
  resolved "https://registry.npmjs.org/color-convert/-/color-convert-2.0.1.tgz#72d3a68d598c9bdb3af2ad1e84f21d896abd4de3"
  integrity sha512-RRECPsj7iu/xb5oKYcsFHSppFNnsj/52OVTRKb4zP5onXwVF3zVmmToNcOfGC+CRDpfK/U584fMg38ZHCaElKQ==
  dependencies:
    color-name "~1.1.4"

color-name@~1.1.4:
  version "1.1.4"
  resolved "https://registry.npmjs.org/color-name/-/color-name-1.1.4.tgz#c2a09a87acbde69543de6f63fa3995c826c536a2"
  integrity sha512-dOy+3AuW3a2wNbZHIuMZpTcgjGuLU/uBL/ubcZF9OXbDo8ff4O8yVp5Bf0efS8uEoYo5q4Fx7dY9OgQGXgAsQA==

combined-stream@^1.0.8:
  version "1.0.8"
  resolved "https://registry.npmjs.org/combined-stream/-/combined-stream-1.0.8.tgz#c3d45a8b34fd730631a110a8a2520682b31d5a7f"
  integrity sha512-FQN4MRfuJeHf7cBbBMJFXhKSDq+2kAArBlmRBvcvFE5BB1HZKXtSFASDhdlz9zOYwxh8lDdnvmMOe/+5cdoEdg==
  dependencies:
    delayed-stream "~1.0.0"

commander@^7.2.0:
  version "7.2.0"
  resolved "https://registry.npmjs.org/commander/-/commander-7.2.0.tgz#a36cb57d0b501ce108e4d20559a150a391d97ab7"
  integrity sha512-QrWXB+ZQSVPmIWIhtEO9H+gwHaMGYiF5ChvoJ+K9ZGHG/sVsa6yiesAD1GC/x46sET00Xlwo1u49RVVVzvcSkw==

compare-versions@^3.4.0:
  version "3.6.0"
  resolved "https://registry.npmjs.org/compare-versions/-/compare-versions-3.6.0.tgz#1a5689913685e5a87637b8d3ffca75514ec41d62"
  integrity sha512-W6Af2Iw1z4CB7q4uU4hv646dW9GQuBM+YpC0UvUCWSD8w90SJjp+ujJuXaEMtAXBtSqGfMPuFOVn4/+FlaqfBA==

create-require@^1.1.0:
  version "1.1.1"
  resolved "https://registry.npmjs.org/create-require/-/create-require-1.1.1.tgz#c1d7e8f1e5f6cfc9ff65f9cd352d37348756c333"
  integrity sha512-dcKFX3jn0MpIaXjisoRvexIJVEKzaq7z2rZKxf+MSr9TkdmHmsU4m2lcLojrj/FHl8mk5VxMmYA+ftRkP/3oKQ==

dataloader@^2.0.0:
  version "2.2.3"
  resolved "https://registry.npmjs.org/dataloader/-/dataloader-2.2.3.tgz#42d10b4913515f5b37c6acedcb4960d6ae1b1517"
  integrity sha512-y2krtASINtPFS1rSDjacrFgn1dcUuoREVabwlOGOe4SdxenREqwjwjElAdwvbGM7kgZz9a3KVicWR7vcz8rnzA==

delayed-stream@~1.0.0:
  version "1.0.0"
  resolved "https://registry.npmjs.org/delayed-stream/-/delayed-stream-1.0.0.tgz#df3ae199acadfb7d440aaae0b29e2272b24ec619"
  integrity sha512-ZySD7Nf91aLB0RxL4KGrKHBXl7Eds1DAmEdcoVawXnLD7SDhpNgtuII2aAkg7a7QS41jxPSZ17p4VdGnMHk3MQ==

diff@^4.0.1:
  version "4.0.2"
  resolved "https://registry.npmjs.org/diff/-/diff-4.0.2.tgz#60f3aecb89d5fae520c11aa19efc2bb982aade7d"
  integrity sha512-58lmxKSA4BNyLz+HHMUzlOEpg09FV+ev6ZMe3vJihgdxzgcwZ8VoEEPmALCZG9LmqfVoNMMKpttIYTVG6uDY7A==

ethjs-unit@0.1.6:
  version "0.1.6"
  resolved "https://registry.npmjs.org/ethjs-unit/-/ethjs-unit-0.1.6.tgz#c665921e476e87bce2a9d588a6fe0405b2c41699"
  integrity sha512-/Sn9Y0oKl0uqQuvgFk/zQgR7aw1g36qX/jzSQ5lSwlO0GigPymk4eGQfeNTD03w1dPOqfz8V77Cy43jH56pagw==
  dependencies:
    bn.js "4.11.6"
    number-to-bn "1.7.0"

events@^3.3.0:
  version "3.3.0"
  resolved "https://registry.npmjs.org/events/-/events-3.3.0.tgz#31a95ad0a924e2d2c419a813aeb2c4e878ea7400"
  integrity sha512-mQw+2fkQbALzQ7V0MY0IqdnXNOeTtP4r0lN9z7AAawCXgqea7bDii20AYrIBrFd/Hx0M2Ocz6S111CaFkUcb0Q==

expo-modules-autolinking@^0.0.3:
  version "0.0.3"
  resolved "https://registry.npmjs.org/expo-modules-autolinking/-/expo-modules-autolinking-0.0.3.tgz#45ba8cb1798f9339347ae35e96e9cc70eafb3727"
  integrity sha512-azkCRYj/DxbK4udDuDxA9beYzQTwpJ5a9QA0bBgha2jHtWdFGF4ZZWSY+zNA5mtU3KqzYt8jWHfoqgSvKyu1Aw==
  dependencies:
    chalk "^4.1.0"
    commander "^7.2.0"
    fast-glob "^3.2.5"
    find-up "~5.0.0"
    fs-extra "^9.1.0"

expo-random@*:
  version "14.0.1"
  resolved "https://registry.npmjs.org/expo-random/-/expo-random-14.0.1.tgz#aedc6a3b6ff86c74a85989d77d20e0f1762ed669"
  integrity sha512-gX2mtR9o+WelX21YizXUCD/y+a4ZL+RDthDmFkHxaYbdzjSYTn8u/igoje/l3WEO+/RYspmqUFa8w/ckNbt6Vg==
  dependencies:
    base64-js "^1.3.0"

fast-glob@^3.2.5:
  version "3.3.2"
  resolved "https://registry.npmjs.org/fast-glob/-/fast-glob-3.3.2.tgz#a904501e57cfdd2ffcded45e99a54fef55e46129"
  integrity sha512-oX2ruAFQwf/Orj8m737Y5adxDQO0LAB7/S5MnxCdTNDd4p6BsyIVsv9JQsATbTSq8KHRpLwIHbVlUNatxd+1Ow==
  dependencies:
    "@nodelib/fs.stat" "^2.0.2"
    "@nodelib/fs.walk" "^1.2.3"
    glob-parent "^5.1.2"
    merge2 "^1.3.0"
    micromatch "^4.0.4"

fastq@^1.6.0:
  version "1.17.1"
  resolved "https://registry.npmjs.org/fastq/-/fastq-1.17.1.tgz#2a523f07a4e7b1e81a42b91b8bf2254107753b47"
  integrity sha512-sRVD3lWVIXWg6By68ZN7vho9a1pQcN/WBFaAAsDDFzlJjvoGx0P8z7V1t72grFJfJhu3YPZBuu25f7Kaw2jN1w==
  dependencies:
    reusify "^1.0.4"

fill-range@^7.1.1:
  version "7.1.1"
  resolved "https://registry.npmjs.org/fill-range/-/fill-range-7.1.1.tgz#44265d3cac07e3ea7dc247516380643754a05292"
  integrity sha512-YsGpe3WHLK8ZYi4tWDg2Jy3ebRz2rXowDxnld4bkQB00cc/1Zw9AWnC0i9ztDJitivtQvaI9KaLyKrc+hBW0yg==
  dependencies:
    to-regex-range "^5.0.1"

find-up@~5.0.0:
  version "5.0.0"
  resolved "https://registry.npmjs.org/find-up/-/find-up-5.0.0.tgz#4c92819ecb7083561e4f4a240a86be5198f536fc"
  integrity sha512-78/PXT1wlLLDgTzDs7sjq9hzz0vXD+zn+7wypEe4fXQxCmdmqfGsEPQxmiCSQI3ajFV91bVSsvNtrJRiW6nGng==
  dependencies:
    locate-path "^6.0.0"
    path-exists "^4.0.0"

follow-redirects@^1.15.6:
  version "1.15.9"
  resolved "https://registry.npmjs.org/follow-redirects/-/follow-redirects-1.15.9.tgz#a604fa10e443bf98ca94228d9eebcc2e8a2c8ee1"
  integrity sha512-gew4GsXizNgdoRyqmyfMHyAmXsZDk6mHkSxZFCzW9gwlbtOW44CDtYavM+y+72qD/Vq2l550kMF52DT8fOLJqQ==

form-data@^4.0.0:
  version "4.0.1"
  resolved "https://registry.npmjs.org/form-data/-/form-data-4.0.1.tgz#ba1076daaaa5bfd7e99c1a6cb02aa0a5cff90d48"
  integrity sha512-tzN8e4TX8+kkxGPK8D5u0FNmjPUjw3lwC9lSLxxoB/+GtsJG91CO8bSWy73APlgAZzZbXEYZJuxjkHH2w+Ezhw==
  dependencies:
    asynckit "^0.4.0"
    combined-stream "^1.0.8"
    mime-types "^2.1.12"

fs-extra@^9.1.0:
  version "9.1.0"
  resolved "https://registry.npmjs.org/fs-extra/-/fs-extra-9.1.0.tgz#5954460c764a8da2094ba3554bf839e6b9a7c86d"
  integrity sha512-hcg3ZmepS30/7BSFqRvoo3DOMQu7IjqxO5nCDt+zM9XWjb33Wg7ziNT+Qvqbuc3+gWpzO02JubVyk2G4Zvo1OQ==
  dependencies:
    at-least-node "^1.0.0"
    graceful-fs "^4.2.0"
    jsonfile "^6.0.1"
    universalify "^2.0.0"

glob-parent@^5.1.2:
  version "5.1.2"
  resolved "https://registry.npmjs.org/glob-parent/-/glob-parent-5.1.2.tgz#869832c58034fe68a4093c17dc15e8340d8401c4"
  integrity sha512-AOIgSQCepiJYwP3ARnGx+5VnTu2HBYdzbGP45eLw1vr3zB3vZLeyed1sC9hnbcOc9/SrMyM5RPQrkGz4aS9Zow==
  dependencies:
    is-glob "^4.0.1"

graceful-fs@^4.1.6, graceful-fs@^4.2.0:
  version "4.2.11"
  resolved "https://registry.npmjs.org/graceful-fs/-/graceful-fs-4.2.11.tgz#4183e4e8bf08bb6e05bbb2f7d2e0c8f712ca40e3"
  integrity sha512-RbJ5/jmFcNNCcDV5o9eTnBLJ/HszWV0P73bc+Ff4nS/rJj+YaS6IGyiOL0VoBYX+l1Wrl3k63h/KrH+nhJ0XvQ==

has-flag@^4.0.0:
  version "4.0.0"
  resolved "https://registry.npmjs.org/has-flag/-/has-flag-4.0.0.tgz#944771fd9c81c81265c4d6941860da06bb59479b"
  integrity sha512-EykJT/Q1KjTWctppgIAgfSO0tKVuZUjhgMr17kqTumMl6Afv3EISleU7qZUzoXDFTAHTDC4NOoG/ZxU3EvlMPQ==

invariant@^2.2.4:
  version "2.2.4"
  resolved "https://registry.npmjs.org/invariant/-/invariant-2.2.4.tgz#610f3c92c9359ce1db616e538008d23ff35158e6"
  integrity sha512-phJfQVBuaJM5raOpJjSfkiD6BpbCE4Ns//LaXl6wGYtUBY83nWS6Rf9tXm2e8VaK60JEjYldbPif/A2B1C2gNA==
  dependencies:
    loose-envify "^1.0.0"

is-extglob@^2.1.1:
  version "2.1.1"
  resolved "https://registry.npmjs.org/is-extglob/-/is-extglob-2.1.1.tgz#a88c02535791f02ed37c76a1b9ea9773c833f8c2"
  integrity sha512-SbKbANkN603Vi4jEZv49LeVJMn4yGwsbzZworEoyEiutsN3nJYdbO36zfhGJ6QEDpOZIFkDtnq5JRxmvl3jsoQ==

is-glob@^4.0.1:
  version "4.0.3"
  resolved "https://registry.npmjs.org/is-glob/-/is-glob-4.0.3.tgz#64f61e42cbbb2eec2071a9dac0b28ba1e65d5084"
  integrity sha512-xelSayHH36ZgE7ZWhli7pW34hNbNl8Ojv5KVmkJD4hBdD3th8Tfk9vYasLM+mXWOZhFkgZfxhLSnrwRr4elSSg==
  dependencies:
    is-extglob "^2.1.1"

is-hex-prefixed@1.0.0:
  version "1.0.0"
  resolved "https://registry.npmjs.org/is-hex-prefixed/-/is-hex-prefixed-1.0.0.tgz#7d8d37e6ad77e5d127148913c573e082d777f554"
  integrity sha512-WvtOiug1VFrE9v1Cydwm+FnXd3+w9GaeVUss5W4v/SLy3UW00vP+6iNF2SdnfiBoLy4bTqVdkftNGTUeOFVsbA==

is-number@^7.0.0:
  version "7.0.0"
  resolved "https://registry.npmjs.org/is-number/-/is-number-7.0.0.tgz#7535345b896734d5f80c4d06c50955527a14f12b"
  integrity sha512-41Cifkg6e8TylSpdtTpeLVMqvSBEVzTttHvERD741+pnZ8ANv0004MRL43QKPDlK9cGvNp6NZWZUBlbGXYxxng==

isomorphic-webcrypto@2.3.8:
  version "2.3.8"
  resolved "https://registry.npmjs.org/isomorphic-webcrypto/-/isomorphic-webcrypto-2.3.8.tgz#4a7493b486ef072b9f11b6f8fd66adde856e3eec"
  integrity sha512-XddQSI0WYlSCjxtm1AI8kWQOulf7hAN3k3DclF1sxDJZqOe0pcsOt675zvWW91cZH9hYs3nlA3Ev8QK5i80SxQ==
  dependencies:
    "@peculiar/webcrypto" "^1.0.22"
    asmcrypto.js "^0.22.0"
    b64-lite "^1.3.1"
    b64u-lite "^1.0.1"
    msrcrypto "^1.5.6"
    str2buf "^1.3.0"
    webcrypto-shim "^0.1.4"
  optionalDependencies:
    "@unimodules/core" "*"
    "@unimodules/react-native-adapter" "*"
    expo-random "*"
    react-native-securerandom "^0.1.1"

"js-tokens@^3.0.0 || ^4.0.0":
  version "4.0.0"
  resolved "https://registry.npmjs.org/js-tokens/-/js-tokens-4.0.0.tgz#19203fb59991df98e3a287050d4647cdeaf32499"
  integrity sha512-RdJUflcE3cUzKiMqQgsCu06FPu9UdIJO0beYbPhHN4k6apgJtifcoCtT9bcxOpYBtpD2kCM6Sbzg4CausW/PKQ==

jsonfile@^6.0.1:
  version "6.1.0"
  resolved "https://registry.npmjs.org/jsonfile/-/jsonfile-6.1.0.tgz#bc55b2634793c679ec6403094eb13698a6ec0aae"
  integrity sha512-5dgndWOriYSm5cnYaJNhalLNDKOqFwyDB/rr1E9ZsGciGvKPs8R2xYGCacuf3z6K1YKDz182fd+fY3cn3pMqXQ==
  dependencies:
    universalify "^2.0.0"
  optionalDependencies:
    graceful-fs "^4.1.6"

jssha@3.2.0:
  version "3.2.0"
  resolved "https://registry.npmjs.org/jssha/-/jssha-3.2.0.tgz#88ec50b866dd1411deaddbe6b3e3692e4c710f16"
  integrity sha512-QuruyBENDWdN4tZwJbQq7/eAK85FqrI4oDbXjy5IBhYD+2pTJyBUWZe8ctWaCkrV0gy6AaelgOZZBMeswEa/6Q==

locate-path@^6.0.0:
  version "6.0.0"
  resolved "https://registry.npmjs.org/locate-path/-/locate-path-6.0.0.tgz#55321eb309febbc59c4801d931a72452a681d286"
  integrity sha512-iPZK6eYjbxRu3uB4/WZ3EsEIMJFMqAoopl3R+zuq0UjcAm/MO6KCweDgPfP3elTztoKP3KtnVHxTn2NHBSDVUw==
  dependencies:
    p-locate "^5.0.0"

loose-envify@^1.0.0:
  version "1.4.0"
  resolved "https://registry.npmjs.org/loose-envify/-/loose-envify-1.4.0.tgz#71ee51fa7be4caec1a63839f7e682d8132d30caf"
  integrity sha512-lyuxPGr/Wfhrlem2CL/UcnUc1zcqKAImBDzukY7Y5F/yQiNdko6+fRLevlw1HgMySw7f611UIY408EtxRSoK3Q==
  dependencies:
    js-tokens "^3.0.0 || ^4.0.0"

make-error@^1.1.1:
  version "1.3.6"
  resolved "https://registry.npmjs.org/make-error/-/make-error-1.3.6.tgz#2eb2e37ea9b67c4891f684a1394799af484cf7a2"
  integrity sha512-s8UhlNe7vPKomQhC1qFelMokr/Sc3AgNbso3n74mVPA5LTZwkB9NlXf4XPamLxJE8h0gh73rM94xvwRT2CVInw==

merge2@^1.3.0:
  version "1.4.1"
  resolved "https://registry.npmjs.org/merge2/-/merge2-1.4.1.tgz#4368892f885e907455a6fd7dc55c0c9d404990ae"
  integrity sha512-8q7VEgMJW4J8tcfVPy8g09NcQwZdbwFEqhe/WZkoIzjn/3TGDwtOCYtXGxA3O8tPzpczCCDgv+P2P5y00ZJOOg==

micromatch@^4.0.4:
  version "4.0.8"
  resolved "https://registry.npmjs.org/micromatch/-/micromatch-4.0.8.tgz#d66fa18f3a47076789320b9b1af32bd86d9fa202"
  integrity sha512-PXwfBhYu0hBCPw8Dn0E+WDYb7af3dSLVWKi3HGv84IdF4TyFoC0ysxFd0Goxw7nSv4T/PzEJQxsYsEiFCKo2BA==
  dependencies:
    braces "^3.0.3"
    picomatch "^2.3.1"

mime-db@1.52.0:
  version "1.52.0"
  resolved "https://registry.npmjs.org/mime-db/-/mime-db-1.52.0.tgz#bbabcdc02859f4987301c856e3387ce5ec43bf70"
  integrity sha512-sPU4uV7dYlvtWJxwwxHD0PuihVNiE7TyAbQ5SWxDCB9mUYvOgroQOwYQQOKPJ8CIbE+1ETVlOoK1UC2nU3gYvg==

mime-types@^2.1.12:
  version "2.1.35"
  resolved "https://registry.npmjs.org/mime-types/-/mime-types-2.1.35.tgz#381a871b62a734450660ae3deee44813f70d959a"
  integrity sha512-ZDY+bPm5zTTF+YpCrAU9nK0UgICYPT0QtT1NZWFv4s++TNkcgVaT0g6+4R2uI4MjQjzysHB1zxuWL50hzaeXiw==
  dependencies:
    mime-db "1.52.0"

msrcrypto@^1.5.6:
  version "1.5.8"
  resolved "https://registry.npmjs.org/msrcrypto/-/msrcrypto-1.5.8.tgz#be419be4945bf134d8af52e9d43be7fa261f4a1c"
  integrity sha512-ujZ0TRuozHKKm6eGbKHfXef7f+esIhEckmThVnz7RNyiOJd7a6MXj2JGBoL9cnPDW+JMG16MoTUh5X+XXjI66Q==

node-fetch@2.6.7:
  version "2.6.7"
  resolved "https://registry.npmjs.org/node-fetch/-/node-fetch-2.6.7.tgz#24de9fba827e3b4ae44dc8b20256a379160052ad"
  integrity sha512-ZjMPFEfVx5j+y2yF35Kzx5sF7kDzxuDj6ziH4FFbOp87zKDZNx8yExJIb05OGF4Nlt9IHFIMBkRl41VdvcNdbQ==
  dependencies:
    whatwg-url "^5.0.0"

number-to-bn@1.7.0:
  version "1.7.0"
  resolved "https://registry.npmjs.org/number-to-bn/-/number-to-bn-1.7.0.tgz#bb3623592f7e5f9e0030b1977bd41a0c53fe1ea0"
  integrity sha512-wsJ9gfSz1/s4ZsJN01lyonwuxA1tml6X1yBDnfpMglypcBRFZZkus26EdPSlqS5GJfYddVZa22p3VNb3z5m5Ig==
  dependencies:
    bn.js "4.11.6"
    strip-hex-prefix "1.0.0"

p-limit@^3.0.2:
  version "3.1.0"
  resolved "https://registry.npmjs.org/p-limit/-/p-limit-3.1.0.tgz#e1daccbe78d0d1388ca18c64fea38e3e57e3706b"
  integrity sha512-TYOanM3wGwNGsZN2cVTYPArw454xnXj5qmWF1bEoAc4+cU/ol7GVh7odevjp1FNHduHc3KZMcFduxU5Xc6uJRQ==
  dependencies:
    yocto-queue "^0.1.0"

p-locate@^5.0.0:
  version "5.0.0"
  resolved "https://registry.npmjs.org/p-locate/-/p-locate-5.0.0.tgz#83c8315c6785005e3bd021839411c9e110e6d834"
  integrity sha512-LaNjtRWUBY++zB5nE/NwcaoMylSPk+S+ZHNB1TzdbMJMny6dynpAGt7X/tl/QYq3TIeE6nxHppbo2LGymrG5Pw==
  dependencies:
    p-limit "^3.0.2"

path-exists@^4.0.0:
  version "4.0.0"
  resolved "https://registry.npmjs.org/path-exists/-/path-exists-4.0.0.tgz#513bdbe2d3b95d7762e8c1137efa195c6c61b5b3"
  integrity sha512-ak9Qy5Q7jYb2Wwcey5Fpvg2KoAc/ZIhLSLOSBmRmygPsGwkVVt0fZa0qrtMz+m6tJTAHfZQ8FnmB4MG4LWy7/w==

picomatch@^2.3.1:
  version "2.3.1"
  resolved "https://registry.npmjs.org/picomatch/-/picomatch-2.3.1.tgz#3ba3833733646d9d3e4995946c1365a67fb07a42"
  integrity sha512-JU3teHTNjmE2VCGFzuY8EXzCDVwEqB2a8fsIvwaStHhAWJEeVd1o1QD80CU6+ZdEXXSLbSsuLwJjkCBWqRQUVA==

proxy-from-env@^1.1.0:
  version "1.1.0"
  resolved "https://registry.npmjs.org/proxy-from-env/-/proxy-from-env-1.1.0.tgz#e102f16ca355424865755d2c9e8ea4f24d58c3e2"
  integrity sha512-D+zkORCbA9f1tdWRK0RaCR3GPv50cMxcrz4X8k5LTSUD1Dkw47mKJEZQNunItRTkWwgtaUSo1RVFRIG9ZXiFYg==

pvtsutils@^1.3.2, pvtsutils@^1.3.5:
  version "1.3.6"
  resolved "https://registry.npmjs.org/pvtsutils/-/pvtsutils-1.3.6.tgz#ec46e34db7422b9e4fdc5490578c1883657d6001"
  integrity sha512-PLgQXQ6H2FWCaeRak8vvk1GW462lMxB5s3Jm673N82zI4vqtVUPuZdffdZbPDFRoU8kAhItWFtPCWiPpp4/EDg==
  dependencies:
    tslib "^2.8.1"

pvutils@^1.1.3:
  version "1.1.3"
  resolved "https://registry.npmjs.org/pvutils/-/pvutils-1.1.3.tgz#f35fc1d27e7cd3dfbd39c0826d173e806a03f5a3"
  integrity sha512-pMpnA0qRdFp32b1sJl1wOJNxZLQ2cbQx+k6tjNtZ8CpvVhNqEPRgivZ2WOUev2YMajecdH7ctUPDvEe87nariQ==

queue-microtask@^1.2.2:
  version "1.2.3"
  resolved "https://registry.npmjs.org/queue-microtask/-/queue-microtask-1.2.3.tgz#4929228bbc724dfac43e0efb058caf7b6cfb6243"
  integrity sha512-NuaNSa6flKT5JaSYQzJok04JzTL1CA6aGhv5rfLW3PgqA+M2ChpZQnAC8h8i4ZFkBS8X5RqkDBHA7r4hej3K9A==

react-native-securerandom@^0.1.1:
  version "0.1.1"
  resolved "https://registry.npmjs.org/react-native-securerandom/-/react-native-securerandom-0.1.1.tgz#f130623a412c338b0afadedbc204c5cbb8bf2070"
  integrity sha512-CozcCx0lpBLevxiXEb86kwLRalBCHNjiGPlw3P7Fi27U6ZLdfjOCNRHD1LtBKcvPvI3TvkBXB3GOtLvqaYJLGw==
  dependencies:
    base64-js "*"

reusify@^1.0.4:
  version "1.0.4"
  resolved "https://registry.npmjs.org/reusify/-/reusify-1.0.4.tgz#90da382b1e126efc02146e90845a88db12925d76"
  integrity sha512-U9nH88a3fc/ekCF1l0/UP1IosiuIjyTh7hBvXVMHYgVcfGvt897Xguj2UOLDeI5BG2m7/uwyaLVT6fbtCwTyzw==

run-parallel@^1.1.9:
  version "1.2.0"
  resolved "https://registry.npmjs.org/run-parallel/-/run-parallel-1.2.0.tgz#66d1368da7bdf921eb9d95bd1a9229e7f21a43ee"
  integrity sha512-5l4VyZR86LZ/lDxZTR6jqL8AFE2S0IFLMP26AbjsLVADxHdhB/c0GUsH+y39UfCi3dzz8OlQuPmnaJOMoDHQBA==
  dependencies:
    queue-microtask "^1.2.2"

rxjs@6, rxjs@^6.6.7:
  version "6.6.7"
  resolved "https://registry.npmjs.org/rxjs/-/rxjs-6.6.7.tgz#90ac018acabf491bf65044235d5863c4dab804c9"
  integrity sha512-hTdwr+7yYNIT5n4AMYp85KA6yw2Va0FLa3Rguvbpa4W3I5xynaBZo41cM3XM+4Q6fRMj3sBYIR1VAmZMXYJvRQ==
  dependencies:
    tslib "^1.9.0"

semver@^7.3.5:
  version "7.6.3"
  resolved "https://registry.npmjs.org/semver/-/semver-7.6.3.tgz#980f7b5550bc175fb4dc09403085627f9eb33143"
  integrity sha512-oVekP1cKtI+CTDvHWYFUcMtsK/00wmAEfyqKfNdARm8u1wNVhSgaX7A8d4UuIlUI5e84iEwOhs7ZPYRmzU9U6A==

str2buf@^1.3.0:
  version "1.3.0"
  resolved "https://registry.npmjs.org/str2buf/-/str2buf-1.3.0.tgz#a4172afff4310e67235178e738a2dbb573abead0"
  integrity sha512-xIBmHIUHYZDP4HyoXGHYNVmxlXLXDrtFHYT0eV6IOdEj3VO9ccaF1Ejl9Oq8iFjITllpT8FhaXb4KsNmw+3EuA==

strip-hex-prefix@1.0.0:
  version "1.0.0"
  resolved "https://registry.npmjs.org/strip-hex-prefix/-/strip-hex-prefix-1.0.0.tgz#0c5f155fef1151373377de9dbb588da05500e36f"
  integrity sha512-q8d4ue7JGEiVcypji1bALTos+0pWtyGlivAWyPuTkHzuTCJqrK9sWxYQZUq6Nq3cuyv3bm734IhHvHtGGURU6A==
  dependencies:
    is-hex-prefixed "1.0.0"

supports-color@^7.1.0:
  version "7.2.0"
  resolved "https://registry.npmjs.org/supports-color/-/supports-color-7.2.0.tgz#1b7dcdcb32b8138801b3e478ba6a51caa89648da"
  integrity sha512-qpCAvRl9stuOHveKsn7HncJRvv501qIacKzQlO/+Lwxc9+0q2wLyv4Dfvt80/DPn2pqOBsJdDiogXGR9+OvwRw==
  dependencies:
    has-flag "^4.0.0"

symbol.inspect@1.0.1:
  version "1.0.1"
  resolved "https://registry.npmjs.org/symbol.inspect/-/symbol.inspect-1.0.1.tgz#e13125b8038c4996eb0dfa1567332ad4dcd0763f"
  integrity sha512-YQSL4duoHmLhsTD1Pw8RW6TZ5MaTX5rXJnqacJottr2P2LZBF/Yvrc3ku4NUpMOm8aM0KOCqM+UAkMA5HWQCzQ==

teslabot@^1.3.0:
  version "1.5.0"
  resolved "https://registry.npmjs.org/teslabot/-/teslabot-1.5.0.tgz#70f544516699ca5f696d8ae94f3d12cd495d5cd6"
  integrity sha512-e2MmELhCgrgZEGo7PQu/6bmYG36IDH+YrBI1iGm6jovXkeDIGa3pZ2WSqRjzkuw2vt1EqfkZoV5GpXgqL8QJVg==

to-regex-range@^5.0.1:
  version "5.0.1"
  resolved "https://registry.npmjs.org/to-regex-range/-/to-regex-range-5.0.1.tgz#1648c44aae7c8d988a326018ed72f5b4dd0392e4"
  integrity sha512-65P7iz6X5yEr1cwcgvQxbbIw7Uk3gOy5dIdtZ4rDveLqhrdJP+Li/Hx6tyK0NEb+2GCyneCMJiGqrADCSNk8sQ==
  dependencies:
    is-number "^7.0.0"

tonweb@^0.0.66:
  version "0.0.66"
  resolved "https://registry.npmjs.org/tonweb/-/tonweb-0.0.66.tgz#e9aa1f81ac2c2a9b0ff692294d58b1dfea516fb4"
  integrity sha512-ntDJU1b/kgMFvOYN09FvhdnAfwnZh8W5sONkUP+P0FQkYRa/027otRxApp5gfxZ9DR+3WTnCQgrsG/EXv8RhEA==
  dependencies:
    "@ledgerhq/hw-transport-web-ble" "5.48.0"
    "@ledgerhq/hw-transport-webhid" "5.48.0"
    "@ledgerhq/hw-transport-webusb" "5.48.0"
    bn.js "5.1.1"
    ethjs-unit "0.1.6"
    isomorphic-webcrypto "2.3.8"
    node-fetch "2.6.7"
    tweetnacl "1.0.3"

tr46@~0.0.3:
  version "0.0.3"
  resolved "https://registry.npmjs.org/tr46/-/tr46-0.0.3.tgz#8184fd347dac9cdc185992f3a6622e14b9d9ab6a"
  integrity sha512-N3WMsuqV66lT30CrXNbEjx4GEwlow3v6rr4mCcv6prnfwhS01rkgyFdjPNBYd9br7LpXV1+Emh01fHnq2Gdgrw==

ts-node@^10.9.2:
  version "10.9.2"
  resolved "https://registry.npmjs.org/ts-node/-/ts-node-10.9.2.tgz#70f021c9e185bccdca820e26dc413805c101c71f"
  integrity sha512-f0FFpIdcHgn8zcPSbf1dRevwt047YMnaiJM3u2w2RewrB+fob/zePZcrOyQoLMMO7aBIddLcQIEK5dYjkLnGrQ==
  dependencies:
    "@cspotcode/source-map-support" "^0.8.0"
    "@tsconfig/node10" "^1.0.7"
    "@tsconfig/node12" "^1.0.7"
    "@tsconfig/node14" "^1.0.0"
    "@tsconfig/node16" "^1.0.2"
    acorn "^8.4.1"
    acorn-walk "^8.1.1"
    arg "^4.1.0"
    create-require "^1.1.0"
    diff "^4.0.1"
    make-error "^1.1.1"
    v8-compile-cache-lib "^3.0.1"
    yn "3.1.1"

tslib@^1.9.0:
  version "1.14.1"
  resolved "https://registry.npmjs.org/tslib/-/tslib-1.14.1.tgz#cf2d38bdc34a134bcaf1091c41f6619e2f672d00"
  integrity sha512-Xni35NKzjgMrwevysHTCArtLDpPvye8zV/0E4EyYn43P7/7qvQwPh9BGkHewbMulVntbigmcT7rdX3BNo9wRJg==

tslib@^2.0.0, tslib@^2.4.0, tslib@^2.6.2, tslib@^2.7.0, tslib@^2.8.1:
  version "2.8.1"
  resolved "https://registry.npmjs.org/tslib/-/tslib-2.8.1.tgz#612efe4ed235d567e8aba5f2a5fab70280ade83f"
  integrity sha512-oJFu94HQb+KVduSUQL7wnpmqnfmLsOA/nAh6b6EH0wCEoK0/mPeXU6c3wKDV83MkOuHPRHtSXKKU99IBazS/2w==

tweetnacl@1.0.3:
  version "1.0.3"
  resolved "https://registry.npmjs.org/tweetnacl/-/tweetnacl-1.0.3.tgz#ac0af71680458d8a6378d0d0d050ab1407d35596"
  integrity sha512-6rt+RN7aOi1nGMyC4Xa5DdYiukl2UWCbcJft7YhxReBGQD7OAM8Pbxw6YMo4r2diNEA8FEmu32YOn9rhaiE5yw==

typescript@^5.6.3:
  version "5.7.2"
  resolved "https://registry.npmjs.org/typescript/-/typescript-5.7.2.tgz#3169cf8c4c8a828cde53ba9ecb3d2b1d5dd67be6"
  integrity sha512-i5t66RHxDvVN40HfDd1PsEThGNnlMCMT3jMUuoh9/0TaqWevNontacunWyN02LA9/fIbEWlcHZcgTKb9QoaLfg==

undici-types@~6.20.0:
  version "6.20.0"
  resolved "https://registry.npmjs.org/undici-types/-/undici-types-6.20.0.tgz#8171bf22c1f588d1554d55bf204bc624af388433"
  integrity sha512-Ny6QZ2Nju20vw1SRHe3d9jVu6gJ+4e3+MMpqu7pqE5HT6WsTSlce++GQmK5UXS8mzV8DSYHrQH+Xrf2jVcuKNg==

universalify@^2.0.0:
  version "2.0.1"
  resolved "https://registry.npmjs.org/universalify/-/universalify-2.0.1.tgz#168efc2180964e6386d061e094df61afe239b18d"
  integrity sha512-gptHNQghINnc/vTGIk0SOFGFNXw7JVrlRUtConJRlvaw6DuX0wO5Jeko9sWrMBhh+PsYAZ7oXAiOnf/UKogyiw==

v8-compile-cache-lib@^3.0.1:
  version "3.0.1"
  resolved "https://registry.npmjs.org/v8-compile-cache-lib/-/v8-compile-cache-lib-3.0.1.tgz#6336e8d71965cb3d35a1bbb7868445a7c05264bf"
  integrity sha512-wa7YjyUGfNZngI/vtK0UHAN+lgDCxBPCylVXGp0zu59Fz5aiGtNXaq3DhIov063MorB+VfufLh3JlF2KdTK3xg==

webcrypto-core@^1.8.0:
  version "1.8.1"
  resolved "https://registry.npmjs.org/webcrypto-core/-/webcrypto-core-1.8.1.tgz#09d5bd8a9c48e9fbcaf412e06b1ff1a57514ce86"
  integrity sha512-P+x1MvlNCXlKbLSOY4cYrdreqPG5hbzkmawbcXLKN/mf6DZW0SdNNkZ+sjwsqVkI4A4Ko2sPZmkZtCKY58w83A==
  dependencies:
    "@peculiar/asn1-schema" "^2.3.13"
    "@peculiar/json-schema" "^1.1.12"
    asn1js "^3.0.5"
    pvtsutils "^1.3.5"
    tslib "^2.7.0"

webcrypto-shim@^0.1.4:
  version "0.1.7"
  resolved "https://registry.npmjs.org/webcrypto-shim/-/webcrypto-shim-0.1.7.tgz#da8be23061a0451cf23b424d4a9b61c10f091c12"
  integrity sha512-JAvAQR5mRNRxZW2jKigWMjCMkjSdmP5cColRP1U/pTg69VgHXEi1orv5vVpJ55Zc5MIaPc1aaurzd9pjv2bveg==

webidl-conversions@^3.0.0:
  version "3.0.1"
  resolved "https://registry.npmjs.org/webidl-conversions/-/webidl-conversions-3.0.1.tgz#24534275e2a7bc6be7bc86611cc16ae0a5654871"
  integrity sha512-2JAn3z8AR6rjK8Sm8orRC0h/bcl/DqL7tRPdGZ4I1CjdF+EaMLmYxBHyXuKL849eucPFhvBoxMsflfOb8kxaeQ==

whatwg-url@^5.0.0:
  version "5.0.0"
  resolved "https://registry.npmjs.org/whatwg-url/-/whatwg-url-5.0.0.tgz#966454e8765462e37644d3626f6742ce8b70965d"
  integrity sha512-saE57nupxk6v3HY35+jzBwYa0rKSy0XR8JSxZPwgLr7ys0IBzhGviA1/TUGJLmSVqs8pb9AnvICXEuOHLprYTw==
  dependencies:
    tr46 "~0.0.3"
    webidl-conversions "^3.0.0"

yn@3.1.1:
  version "3.1.1"
  resolved "https://registry.npmjs.org/yn/-/yn-3.1.1.tgz#1e87401a09d767c1d5eab26a6e4c185182d2eb50"
  integrity sha512-Ux4ygGWsu2c7isFWe8Yu1YluJmqVhxqK2cLXNQA5AcC3QfbGNpM7fu0Y8b/z16pXLnFxZYvWhd3fhBY9DLmC6Q==

yocto-queue@^0.1.0:
  version "0.1.0"
  resolved "https://registry.npmjs.org/yocto-queue/-/yocto-queue-0.1.0.tgz#0294eb3dee05028d31ee1a5fa2c556a6aaf10a1b"
  integrity sha512-rVksvsnNCdJ/ohGc6xgPwyN8eheCxsiLM8mxuE/t/mOVqJewPuO1miLpTHQiRgTKCLexL4MeAFVagts7HmNZ2Q==

zod@^3.21.4, zod@^3.23.8:
  version "3.24.1"
  resolved "https://registry.npmjs.org/zod/-/zod-3.24.1.tgz#27445c912738c8ad1e9de1bea0359fa44d9d35ee"
  integrity sha512-muH7gBL9sI1nciMZV67X5fTKKBLtwpZ5VBp1vsOQzj1MhrBZ4wlVCm3gedKZWLp0Oyel8sIGfeiz54Su+OVT+A==
